// !$*UTF8*$!
{
	archiveVersion = 1;
	classes = {
	};
	objectVersion = 48;
	objects = {

/* Begin PBXBuildFile section */
		2DAB02F82FE90A94741D8743 /* Pods_DreamListerUITests.framework in Frameworks */ = {isa = PBXBuildFile; fileRef = AC54660AB245A0E0659D364E /* Pods_DreamListerUITests.framework */; };
		670F336B3811AAA73CE41396 /* Pods_DreamListerTests.framework in Frameworks */ = {isa = PBXBuildFile; fileRef = 6B13C97DEE29644BDA39F0E5 /* Pods_DreamListerTests.framework */; };
		AF8C86F5DA34FEFF84BBADF6 /* Pods_DreamLister.framework in Frameworks */ = {isa = PBXBuildFile; fileRef = 06F95D176DDEC8E5FD7A423B /* Pods_DreamLister.framework */; };
		ED1954C82007808900902B7A /* Image+CoreDataClass.swift in Sources */ = {isa = PBXBuildFile; fileRef = ED1954C62007808900902B7A /* Image+CoreDataClass.swift */; };
		ED1954C92007808900902B7A /* Image+CoreDataProperties.swift in Sources */ = {isa = PBXBuildFile; fileRef = ED1954C72007808900902B7A /* Image+CoreDataProperties.swift */; };
		ED1954D42007819200902B7A /* ItemType+CoreDataClass.swift in Sources */ = {isa = PBXBuildFile; fileRef = ED1954CE2007819200902B7A /* ItemType+CoreDataClass.swift */; };
		ED1954D52007819200902B7A /* ItemType+CoreDataProperties.swift in Sources */ = {isa = PBXBuildFile; fileRef = ED1954CF2007819200902B7A /* ItemType+CoreDataProperties.swift */; };
		ED1954D62007819200902B7A /* Store+CoreDataClass.swift in Sources */ = {isa = PBXBuildFile; fileRef = ED1954D02007819200902B7A /* Store+CoreDataClass.swift */; };
		ED1954D72007819200902B7A /* Store+CoreDataProperties.swift in Sources */ = {isa = PBXBuildFile; fileRef = ED1954D12007819200902B7A /* Store+CoreDataProperties.swift */; };
		ED1954D82007819200902B7A /* Item+CoreDataClass.swift in Sources */ = {isa = PBXBuildFile; fileRef = ED1954D22007819200902B7A /* Item+CoreDataClass.swift */; };
		ED1954D92007819200902B7A /* Item+CoreDataProperties.swift in Sources */ = {isa = PBXBuildFile; fileRef = ED1954D32007819200902B7A /* Item+CoreDataProperties.swift */; };
		ED1954DE20078BE200902B7A /* MaterialView.swift in Sources */ = {isa = PBXBuildFile; fileRef = ED1954DD20078BE200902B7A /* MaterialView.swift */; };
		ED94800E1FD937C000FB729A /* AppDelegate.swift in Sources */ = {isa = PBXBuildFile; fileRef = ED94800D1FD937C000FB729A /* AppDelegate.swift */; };
		ED9480101FD937C000FB729A /* MainVC.swift in Sources */ = {isa = PBXBuildFile; fileRef = ED94800F1FD937C000FB729A /* MainVC.swift */; };
		ED9480131FD937C000FB729A /* Main.storyboard in Resources */ = {isa = PBXBuildFile; fileRef = ED9480111FD937C000FB729A /* Main.storyboard */; };
		ED9480161FD937C000FB729A /* DreamLister.xcdatamodeld in Sources */ = {isa = PBXBuildFile; fileRef = ED9480141FD937C000FB729A /* DreamLister.xcdatamodeld */; };
		ED9480181FD937C000FB729A /* Assets.xcassets in Resources */ = {isa = PBXBuildFile; fileRef = ED9480171FD937C000FB729A /* Assets.xcassets */; };
		ED94801B1FD937C000FB729A /* LaunchScreen.storyboard in Resources */ = {isa = PBXBuildFile; fileRef = ED9480191FD937C000FB729A /* LaunchScreen.storyboard */; };
		ED9480261FD937C000FB729A /* DreamListerTests.swift in Sources */ = {isa = PBXBuildFile; fileRef = ED9480251FD937C000FB729A /* DreamListerTests.swift */; };
		ED9480311FD937C000FB729A /* DreamListerUITests.swift in Sources */ = {isa = PBXBuildFile; fileRef = ED9480301FD937C000FB729A /* DreamListerUITests.swift */; };
/* End PBXBuildFile section */

/* Begin PBXContainerItemProxy section */
		ED9480221FD937C000FB729A /* PBXContainerItemProxy */ = {
			isa = PBXContainerItemProxy;
			containerPortal = ED9480021FD937C000FB729A /* Project object */;
			proxyType = 1;
			remoteGlobalIDString = ED9480091FD937C000FB729A;
			remoteInfo = DreamLister;
		};
		ED94802D1FD937C000FB729A /* PBXContainerItemProxy */ = {
			isa = PBXContainerItemProxy;
			containerPortal = ED9480021FD937C000FB729A /* Project object */;
			proxyType = 1;
			remoteGlobalIDString = ED9480091FD937C000FB729A;
			remoteInfo = DreamLister;
		};
/* End PBXContainerItemProxy section */

/* Begin PBXFileReference section */
		06F95D176DDEC8E5FD7A423B /* Pods_DreamLister.framework */ = {isa = PBXFileReference; explicitFileType = wrapper.framework; includeInIndex = 0; path = Pods_DreamLister.framework; sourceTree = BUILT_PRODUCTS_DIR; };
		3A6E55C970FD871116FC40BA /* Pods-DreamListerUITests.release.xcconfig */ = {isa = PBXFileReference; includeInIndex = 1; lastKnownFileType = text.xcconfig; name = "Pods-DreamListerUITests.release.xcconfig"; path = "Pods/Target Support Files/Pods-DreamListerUITests/Pods-DreamListerUITests.release.xcconfig"; sourceTree = "<group>"; };
		4DD9CD8217FA8CD12A65F4EC /* Pods-DreamListerUITests.debug.xcconfig */ = {isa = PBXFileReference; includeInIndex = 1; lastKnownFileType = text.xcconfig; name = "Pods-DreamListerUITests.debug.xcconfig"; path = "Pods/Target Support Files/Pods-DreamListerUITests/Pods-DreamListerUITests.debug.xcconfig"; sourceTree = "<group>"; };
		64E9E32FF4219866C3244074 /* Pods-DreamListerTests.debug.xcconfig */ = {isa = PBXFileReference; includeInIndex = 1; lastKnownFileType = text.xcconfig; name = "Pods-DreamListerTests.debug.xcconfig"; path = "Pods/Target Support Files/Pods-DreamListerTests/Pods-DreamListerTests.debug.xcconfig"; sourceTree = "<group>"; };
		6B13C97DEE29644BDA39F0E5 /* Pods_DreamListerTests.framework */ = {isa = PBXFileReference; explicitFileType = wrapper.framework; includeInIndex = 0; path = Pods_DreamListerTests.framework; sourceTree = BUILT_PRODUCTS_DIR; };
		8D631C93C874372409C18200 /* Pods-DreamLister.release.xcconfig */ = {isa = PBXFileReference; includeInIndex = 1; lastKnownFileType = text.xcconfig; name = "Pods-DreamLister.release.xcconfig"; path = "Pods/Target Support Files/Pods-DreamLister/Pods-DreamLister.release.xcconfig"; sourceTree = "<group>"; };
		AC54660AB245A0E0659D364E /* Pods_DreamListerUITests.framework */ = {isa = PBXFileReference; explicitFileType = wrapper.framework; includeInIndex = 0; path = Pods_DreamListerUITests.framework; sourceTree = BUILT_PRODUCTS_DIR; };
		EA9D5AE98D8125F54325E3BE /* Pods-DreamLister.debug.xcconfig */ = {isa = PBXFileReference; includeInIndex = 1; lastKnownFileType = text.xcconfig; name = "Pods-DreamLister.debug.xcconfig"; path = "Pods/Target Support Files/Pods-DreamLister/Pods-DreamLister.debug.xcconfig"; sourceTree = "<group>"; };
		ED1954C62007808900902B7A /* Image+CoreDataClass.swift */ = {isa = PBXFileReference; lastKnownFileType = sourcecode.swift; path = "Image+CoreDataClass.swift"; sourceTree = "<group>"; };
		ED1954C72007808900902B7A /* Image+CoreDataProperties.swift */ = {isa = PBXFileReference; lastKnownFileType = sourcecode.swift; path = "Image+CoreDataProperties.swift"; sourceTree = "<group>"; };
		ED1954CE2007819200902B7A /* ItemType+CoreDataClass.swift */ = {isa = PBXFileReference; lastKnownFileType = sourcecode.swift; path = "ItemType+CoreDataClass.swift"; sourceTree = "<group>"; };
		ED1954CF2007819200902B7A /* ItemType+CoreDataProperties.swift */ = {isa = PBXFileReference; lastKnownFileType = sourcecode.swift; path = "ItemType+CoreDataProperties.swift"; sourceTree = "<group>"; };
		ED1954D02007819200902B7A /* Store+CoreDataClass.swift */ = {isa = PBXFileReference; lastKnownFileType = sourcecode.swift; path = "Store+CoreDataClass.swift"; sourceTree = "<group>"; };
		ED1954D12007819200902B7A /* Store+CoreDataProperties.swift */ = {isa = PBXFileReference; lastKnownFileType = sourcecode.swift; path = "Store+CoreDataProperties.swift"; sourceTree = "<group>"; };
		ED1954D22007819200902B7A /* Item+CoreDataClass.swift */ = {isa = PBXFileReference; lastKnownFileType = sourcecode.swift; path = "Item+CoreDataClass.swift"; sourceTree = "<group>"; };
		ED1954D32007819200902B7A /* Item+CoreDataProperties.swift */ = {isa = PBXFileReference; lastKnownFileType = sourcecode.swift; path = "Item+CoreDataProperties.swift"; sourceTree = "<group>"; };
		ED1954DD20078BE200902B7A /* MaterialView.swift */ = {isa = PBXFileReference; lastKnownFileType = sourcecode.swift; path = MaterialView.swift; sourceTree = "<group>"; };
		ED94800A1FD937C000FB729A /* DreamLister.app */ = {isa = PBXFileReference; explicitFileType = wrapper.application; includeInIndex = 0; path = DreamLister.app; sourceTree = BUILT_PRODUCTS_DIR; };
		ED94800D1FD937C000FB729A /* AppDelegate.swift */ = {isa = PBXFileReference; lastKnownFileType = sourcecode.swift; path = AppDelegate.swift; sourceTree = "<group>"; };
		ED94800F1FD937C000FB729A /* MainVC.swift */ = {isa = PBXFileReference; lastKnownFileType = sourcecode.swift; path = MainVC.swift; sourceTree = "<group>"; };
		ED9480121FD937C000FB729A /* Base */ = {isa = PBXFileReference; lastKnownFileType = file.storyboard; name = Base; path = Base.lproj/Main.storyboard; sourceTree = "<group>"; };
		ED9480151FD937C000FB729A /* DreamLister.xcdatamodel */ = {isa = PBXFileReference; lastKnownFileType = wrapper.xcdatamodel; path = DreamLister.xcdatamodel; sourceTree = "<group>"; };
		ED9480171FD937C000FB729A /* Assets.xcassets */ = {isa = PBXFileReference; lastKnownFileType = folder.assetcatalog; path = Assets.xcassets; sourceTree = "<group>"; };
		ED94801A1FD937C000FB729A /* Base */ = {isa = PBXFileReference; lastKnownFileType = file.storyboard; name = Base; path = Base.lproj/LaunchScreen.storyboard; sourceTree = "<group>"; };
		ED94801C1FD937C000FB729A /* Info.plist */ = {isa = PBXFileReference; lastKnownFileType = text.plist.xml; path = Info.plist; sourceTree = "<group>"; };
		ED9480211FD937C000FB729A /* DreamListerTests.xctest */ = {isa = PBXFileReference; explicitFileType = wrapper.cfbundle; includeInIndex = 0; path = DreamListerTests.xctest; sourceTree = BUILT_PRODUCTS_DIR; };
		ED9480251FD937C000FB729A /* DreamListerTests.swift */ = {isa = PBXFileReference; lastKnownFileType = sourcecode.swift; path = DreamListerTests.swift; sourceTree = "<group>"; };
		ED9480271FD937C000FB729A /* Info.plist */ = {isa = PBXFileReference; lastKnownFileType = text.plist.xml; path = Info.plist; sourceTree = "<group>"; };
		ED94802C1FD937C000FB729A /* DreamListerUITests.xctest */ = {isa = PBXFileReference; explicitFileType = wrapper.cfbundle; includeInIndex = 0; path = DreamListerUITests.xctest; sourceTree = BUILT_PRODUCTS_DIR; };
		ED9480301FD937C000FB729A /* DreamListerUITests.swift */ = {isa = PBXFileReference; lastKnownFileType = sourcecode.swift; path = DreamListerUITests.swift; sourceTree = "<group>"; };
		ED9480321FD937C000FB729A /* Info.plist */ = {isa = PBXFileReference; lastKnownFileType = text.plist.xml; path = Info.plist; sourceTree = "<group>"; };
		FE1B14F9B64EA858E181E813 /* Pods-DreamListerTests.release.xcconfig */ = {isa = PBXFileReference; includeInIndex = 1; lastKnownFileType = text.xcconfig; name = "Pods-DreamListerTests.release.xcconfig"; path = "Pods/Target Support Files/Pods-DreamListerTests/Pods-DreamListerTests.release.xcconfig"; sourceTree = "<group>"; };
/* End PBXFileReference section */

/* Begin PBXFrameworksBuildPhase section */
		ED9480071FD937C000FB729A /* Frameworks */ = {
			isa = PBXFrameworksBuildPhase;
			buildActionMask = 2147483647;
			files = (
				AF8C86F5DA34FEFF84BBADF6 /* Pods_DreamLister.framework in Frameworks */,
			);
			runOnlyForDeploymentPostprocessing = 0;
		};
		ED94801E1FD937C000FB729A /* Frameworks */ = {
			isa = PBXFrameworksBuildPhase;
			buildActionMask = 2147483647;
			files = (
				670F336B3811AAA73CE41396 /* Pods_DreamListerTests.framework in Frameworks */,
			);
			runOnlyForDeploymentPostprocessing = 0;
		};
		ED9480291FD937C000FB729A /* Frameworks */ = {
			isa = PBXFrameworksBuildPhase;
			buildActionMask = 2147483647;
			files = (
				2DAB02F82FE90A94741D8743 /* Pods_DreamListerUITests.framework in Frameworks */,
			);
			runOnlyForDeploymentPostprocessing = 0;
		};
/* End PBXFrameworksBuildPhase section */

/* Begin PBXGroup section */
		23043474F19E19DF1CCFFADD /* Pods */ = {
			isa = PBXGroup;
			children = (
				EA9D5AE98D8125F54325E3BE /* Pods-DreamLister.debug.xcconfig */,
				8D631C93C874372409C18200 /* Pods-DreamLister.release.xcconfig */,
				64E9E32FF4219866C3244074 /* Pods-DreamListerTests.debug.xcconfig */,
				FE1B14F9B64EA858E181E813 /* Pods-DreamListerTests.release.xcconfig */,
				4DD9CD8217FA8CD12A65F4EC /* Pods-DreamListerUITests.debug.xcconfig */,
				3A6E55C970FD871116FC40BA /* Pods-DreamListerUITests.release.xcconfig */,
			);
			name = Pods;
			sourceTree = "<group>";
		};
		ED1954DA2007823600902B7A /* Generated */ = {
			isa = PBXGroup;
			children = (
				ED1954CF2007819200902B7A /* ItemType+CoreDataProperties.swift */,
				ED1954D12007819200902B7A /* Store+CoreDataProperties.swift */,
				ED1954D32007819200902B7A /* Item+CoreDataProperties.swift */,
				ED1954C72007808900902B7A /* Image+CoreDataProperties.swift */,
			);
			path = Generated;
			sourceTree = "<group>";
		};
		ED1954DB2007826000902B7A /* Model */ = {
			isa = PBXGroup;
			children = (
				ED1954CE2007819200902B7A /* ItemType+CoreDataClass.swift */,
				ED1954D02007819200902B7A /* Store+CoreDataClass.swift */,
				ED1954D22007819200902B7A /* Item+CoreDataClass.swift */,
				ED1954C62007808900902B7A /* Image+CoreDataClass.swift */,
				ED1954DA2007823600902B7A /* Generated */,
			);
			path = Model;
			sourceTree = "<group>";
		};
		ED1954DC20078BCB00902B7A /* View */ = {
			isa = PBXGroup;
			children = (
				ED1954DD20078BE200902B7A /* MaterialView.swift */,
			);
			path = View;
			sourceTree = "<group>";
		};
		ED9480011FD937C000FB729A = {
			isa = PBXGroup;
			children = (
				ED94800C1FD937C000FB729A /* DreamLister */,
				ED9480241FD937C000FB729A /* DreamListerTests */,
				ED94802F1FD937C000FB729A /* DreamListerUITests */,
				ED94800B1FD937C000FB729A /* Products */,
				23043474F19E19DF1CCFFADD /* Pods */,
				F328CA0C6D0F36489185B5DF /* Frameworks */,
			);
			sourceTree = "<group>";
		};
		ED94800B1FD937C000FB729A /* Products */ = {
			isa = PBXGroup;
			children = (
				ED94800A1FD937C000FB729A /* DreamLister.app */,
				ED9480211FD937C000FB729A /* DreamListerTests.xctest */,
				ED94802C1FD937C000FB729A /* DreamListerUITests.xctest */,
			);
			name = Products;
			sourceTree = "<group>";
		};
		ED94800C1FD937C000FB729A /* DreamLister */ = {
			isa = PBXGroup;
			children = (
				ED1954DC20078BCB00902B7A /* View */,
				ED1954DB2007826000902B7A /* Model */,
				ED94800D1FD937C000FB729A /* AppDelegate.swift */,
				ED94800F1FD937C000FB729A /* MainVC.swift */,
				ED9480111FD937C000FB729A /* Main.storyboard */,
				ED9480171FD937C000FB729A /* Assets.xcassets */,
				ED9480191FD937C000FB729A /* LaunchScreen.storyboard */,
				ED94801C1FD937C000FB729A /* Info.plist */,
				ED9480141FD937C000FB729A /* DreamLister.xcdatamodeld */,
			);
			path = DreamLister;
			sourceTree = "<group>";
		};
		ED9480241FD937C000FB729A /* DreamListerTests */ = {
			isa = PBXGroup;
			children = (
				ED9480251FD937C000FB729A /* DreamListerTests.swift */,
				ED9480271FD937C000FB729A /* Info.plist */,
			);
			path = DreamListerTests;
			sourceTree = "<group>";
		};
		ED94802F1FD937C000FB729A /* DreamListerUITests */ = {
			isa = PBXGroup;
			children = (
				ED9480301FD937C000FB729A /* DreamListerUITests.swift */,
				ED9480321FD937C000FB729A /* Info.plist */,
			);
			path = DreamListerUITests;
			sourceTree = "<group>";
		};
		F328CA0C6D0F36489185B5DF /* Frameworks */ = {
			isa = PBXGroup;
			children = (
				06F95D176DDEC8E5FD7A423B /* Pods_DreamLister.framework */,
				6B13C97DEE29644BDA39F0E5 /* Pods_DreamListerTests.framework */,
				AC54660AB245A0E0659D364E /* Pods_DreamListerUITests.framework */,
			);
			name = Frameworks;
			sourceTree = "<group>";
		};
/* End PBXGroup section */

/* Begin PBXNativeTarget section */
		ED9480091FD937C000FB729A /* DreamLister */ = {
			isa = PBXNativeTarget;
			buildConfigurationList = ED9480351FD937C000FB729A /* Build configuration list for PBXNativeTarget "DreamLister" */;
			buildPhases = (
				2FA09151315696B9A0AC6D06 /* [CP] Check Pods Manifest.lock */,
				ED9480061FD937C000FB729A /* Sources */,
				ED9480071FD937C000FB729A /* Frameworks */,
				ED9480081FD937C000FB729A /* Resources */,
				A1AFECA8D6B079ED9CC51535 /* [CP] Embed Pods Frameworks */,
				695B17EB8D687BDE5BA0CA76 /* [CP] Copy Pods Resources */,
				ED94803E1FD93AEF00FB729A /* SwiftLint */,
			);
			buildRules = (
			);
			dependencies = (
			);
			name = DreamLister;
			productName = DreamLister;
			productReference = ED94800A1FD937C000FB729A /* DreamLister.app */;
			productType = "com.apple.product-type.application";
		};
		ED9480201FD937C000FB729A /* DreamListerTests */ = {
			isa = PBXNativeTarget;
			buildConfigurationList = ED9480381FD937C000FB729A /* Build configuration list for PBXNativeTarget "DreamListerTests" */;
			buildPhases = (
				E50E5D6671C4C14910C7483E /* [CP] Check Pods Manifest.lock */,
				ED94801D1FD937C000FB729A /* Sources */,
				ED94801E1FD937C000FB729A /* Frameworks */,
				ED94801F1FD937C000FB729A /* Resources */,
				AC7756D1A900631A567F8F4A /* [CP] Embed Pods Frameworks */,
				E9962AA65AE42080B45175C9 /* [CP] Copy Pods Resources */,
			);
			buildRules = (
			);
			dependencies = (
				ED9480231FD937C000FB729A /* PBXTargetDependency */,
			);
			name = DreamListerTests;
			productName = DreamListerTests;
			productReference = ED9480211FD937C000FB729A /* DreamListerTests.xctest */;
			productType = "com.apple.product-type.bundle.unit-test";
		};
		ED94802B1FD937C000FB729A /* DreamListerUITests */ = {
			isa = PBXNativeTarget;
			buildConfigurationList = ED94803B1FD937C000FB729A /* Build configuration list for PBXNativeTarget "DreamListerUITests" */;
			buildPhases = (
				4959C804F94326F652536CDE /* [CP] Check Pods Manifest.lock */,
				ED9480281FD937C000FB729A /* Sources */,
				ED9480291FD937C000FB729A /* Frameworks */,
				ED94802A1FD937C000FB729A /* Resources */,
				8F0148150297083403C402FC /* [CP] Embed Pods Frameworks */,
				E62C1D693FFA6E7A4032F375 /* [CP] Copy Pods Resources */,
			);
			buildRules = (
			);
			dependencies = (
				ED94802E1FD937C000FB729A /* PBXTargetDependency */,
			);
			name = DreamListerUITests;
			productName = DreamListerUITests;
			productReference = ED94802C1FD937C000FB729A /* DreamListerUITests.xctest */;
			productType = "com.apple.product-type.bundle.ui-testing";
		};
/* End PBXNativeTarget section */

/* Begin PBXProject section */
		ED9480021FD937C000FB729A /* Project object */ = {
			isa = PBXProject;
			attributes = {
				LastSwiftUpdateCheck = 0900;
				LastUpgradeCheck = 0900;
				ORGANIZATIONNAME = dvt;
				TargetAttributes = {
					ED9480091FD937C000FB729A = {
						CreatedOnToolsVersion = 9.0.1;
						ProvisioningStyle = Automatic;
					};
					ED9480201FD937C000FB729A = {
						CreatedOnToolsVersion = 9.0.1;
						ProvisioningStyle = Automatic;
						TestTargetID = ED9480091FD937C000FB729A;
					};
					ED94802B1FD937C000FB729A = {
						CreatedOnToolsVersion = 9.0.1;
						ProvisioningStyle = Automatic;
						TestTargetID = ED9480091FD937C000FB729A;
					};
				};
			};
			buildConfigurationList = ED9480051FD937C000FB729A /* Build configuration list for PBXProject "DreamLister" */;
			compatibilityVersion = "Xcode 8.0";
			developmentRegion = en;
			hasScannedForEncodings = 0;
			knownRegions = (
				en,
				Base,
			);
			mainGroup = ED9480011FD937C000FB729A;
			productRefGroup = ED94800B1FD937C000FB729A /* Products */;
			projectDirPath = "";
			projectRoot = "";
			targets = (
				ED9480091FD937C000FB729A /* DreamLister */,
				ED9480201FD937C000FB729A /* DreamListerTests */,
				ED94802B1FD937C000FB729A /* DreamListerUITests */,
			);
		};
/* End PBXProject section */

/* Begin PBXResourcesBuildPhase section */
		ED9480081FD937C000FB729A /* Resources */ = {
			isa = PBXResourcesBuildPhase;
			buildActionMask = 2147483647;
			files = (
				ED94801B1FD937C000FB729A /* LaunchScreen.storyboard in Resources */,
				ED9480181FD937C000FB729A /* Assets.xcassets in Resources */,
				ED9480131FD937C000FB729A /* Main.storyboard in Resources */,
			);
			runOnlyForDeploymentPostprocessing = 0;
		};
		ED94801F1FD937C000FB729A /* Resources */ = {
			isa = PBXResourcesBuildPhase;
			buildActionMask = 2147483647;
			files = (
			);
			runOnlyForDeploymentPostprocessing = 0;
		};
		ED94802A1FD937C000FB729A /* Resources */ = {
			isa = PBXResourcesBuildPhase;
			buildActionMask = 2147483647;
			files = (
			);
			runOnlyForDeploymentPostprocessing = 0;
		};
/* End PBXResourcesBuildPhase section */

/* Begin PBXShellScriptBuildPhase section */
		2FA09151315696B9A0AC6D06 /* [CP] Check Pods Manifest.lock */ = {
			isa = PBXShellScriptBuildPhase;
			buildActionMask = 2147483647;
			files = (
			);
			inputPaths = (
				"${PODS_PODFILE_DIR_PATH}/Podfile.lock",
				"${PODS_ROOT}/Manifest.lock",
			);
			name = "[CP] Check Pods Manifest.lock";
			outputPaths = (
				"$(DERIVED_FILE_DIR)/Pods-DreamLister-checkManifestLockResult.txt",
			);
			runOnlyForDeploymentPostprocessing = 0;
			shellPath = /bin/sh;
			shellScript = "diff \"${PODS_PODFILE_DIR_PATH}/Podfile.lock\" \"${PODS_ROOT}/Manifest.lock\" > /dev/null\nif [ $? != 0 ] ; then\n    # print error to STDERR\n    echo \"error: The sandbox is not in sync with the Podfile.lock. Run 'pod install' or update your CocoaPods installation.\" >&2\n    exit 1\nfi\n# This output is used by Xcode 'outputs' to avoid re-running this script phase.\necho \"SUCCESS\" > \"${SCRIPT_OUTPUT_FILE_0}\"\n";
			showEnvVarsInLog = 0;
		};
		4959C804F94326F652536CDE /* [CP] Check Pods Manifest.lock */ = {
			isa = PBXShellScriptBuildPhase;
			buildActionMask = 2147483647;
			files = (
			);
			inputPaths = (
				"${PODS_PODFILE_DIR_PATH}/Podfile.lock",
				"${PODS_ROOT}/Manifest.lock",
			);
			name = "[CP] Check Pods Manifest.lock";
			outputPaths = (
				"$(DERIVED_FILE_DIR)/Pods-DreamListerUITests-checkManifestLockResult.txt",
			);
			runOnlyForDeploymentPostprocessing = 0;
			shellPath = /bin/sh;
			shellScript = "diff \"${PODS_PODFILE_DIR_PATH}/Podfile.lock\" \"${PODS_ROOT}/Manifest.lock\" > /dev/null\nif [ $? != 0 ] ; then\n    # print error to STDERR\n    echo \"error: The sandbox is not in sync with the Podfile.lock. Run 'pod install' or update your CocoaPods installation.\" >&2\n    exit 1\nfi\n# This output is used by Xcode 'outputs' to avoid re-running this script phase.\necho \"SUCCESS\" > \"${SCRIPT_OUTPUT_FILE_0}\"\n";
			showEnvVarsInLog = 0;
		};
		695B17EB8D687BDE5BA0CA76 /* [CP] Copy Pods Resources */ = {
			isa = PBXShellScriptBuildPhase;
			buildActionMask = 2147483647;
			files = (
			);
			inputPaths = (
			);
			name = "[CP] Copy Pods Resources";
			outputPaths = (
			);
			runOnlyForDeploymentPostprocessing = 0;
			shellPath = /bin/sh;
			shellScript = "\"${SRCROOT}/Pods/Target Support Files/Pods-DreamLister/Pods-DreamLister-resources.sh\"\n";
			showEnvVarsInLog = 0;
		};
		8F0148150297083403C402FC /* [CP] Embed Pods Frameworks */ = {
			isa = PBXShellScriptBuildPhase;
			buildActionMask = 2147483647;
			files = (
			);
			inputPaths = (
			);
			name = "[CP] Embed Pods Frameworks";
			outputPaths = (
			);
			runOnlyForDeploymentPostprocessing = 0;
			shellPath = /bin/sh;
			shellScript = "\"${SRCROOT}/Pods/Target Support Files/Pods-DreamListerUITests/Pods-DreamListerUITests-frameworks.sh\"\n";
			showEnvVarsInLog = 0;
		};
		A1AFECA8D6B079ED9CC51535 /* [CP] Embed Pods Frameworks */ = {
			isa = PBXShellScriptBuildPhase;
			buildActionMask = 2147483647;
			files = (
			);
			inputPaths = (
			);
			name = "[CP] Embed Pods Frameworks";
			outputPaths = (
			);
			runOnlyForDeploymentPostprocessing = 0;
			shellPath = /bin/sh;
			shellScript = "\"${SRCROOT}/Pods/Target Support Files/Pods-DreamLister/Pods-DreamLister-frameworks.sh\"\n";
			showEnvVarsInLog = 0;
		};
		AC7756D1A900631A567F8F4A /* [CP] Embed Pods Frameworks */ = {
			isa = PBXShellScriptBuildPhase;
			buildActionMask = 2147483647;
			files = (
			);
			inputPaths = (
			);
			name = "[CP] Embed Pods Frameworks";
			outputPaths = (
			);
			runOnlyForDeploymentPostprocessing = 0;
			shellPath = /bin/sh;
			shellScript = "\"${SRCROOT}/Pods/Target Support Files/Pods-DreamListerTests/Pods-DreamListerTests-frameworks.sh\"\n";
			showEnvVarsInLog = 0;
		};
		E50E5D6671C4C14910C7483E /* [CP] Check Pods Manifest.lock */ = {
			isa = PBXShellScriptBuildPhase;
			buildActionMask = 2147483647;
			files = (
			);
			inputPaths = (
				"${PODS_PODFILE_DIR_PATH}/Podfile.lock",
				"${PODS_ROOT}/Manifest.lock",
			);
			name = "[CP] Check Pods Manifest.lock";
			outputPaths = (
				"$(DERIVED_FILE_DIR)/Pods-DreamListerTests-checkManifestLockResult.txt",
			);
			runOnlyForDeploymentPostprocessing = 0;
			shellPath = /bin/sh;
			shellScript = "diff \"${PODS_PODFILE_DIR_PATH}/Podfile.lock\" \"${PODS_ROOT}/Manifest.lock\" > /dev/null\nif [ $? != 0 ] ; then\n    # print error to STDERR\n    echo \"error: The sandbox is not in sync with the Podfile.lock. Run 'pod install' or update your CocoaPods installation.\" >&2\n    exit 1\nfi\n# This output is used by Xcode 'outputs' to avoid re-running this script phase.\necho \"SUCCESS\" > \"${SCRIPT_OUTPUT_FILE_0}\"\n";
			showEnvVarsInLog = 0;
		};
		E62C1D693FFA6E7A4032F375 /* [CP] Copy Pods Resources */ = {
			isa = PBXShellScriptBuildPhase;
			buildActionMask = 2147483647;
			files = (
			);
			inputPaths = (
			);
			name = "[CP] Copy Pods Resources";
			outputPaths = (
			);
			runOnlyForDeploymentPostprocessing = 0;
			shellPath = /bin/sh;
			shellScript = "\"${SRCROOT}/Pods/Target Support Files/Pods-DreamListerUITests/Pods-DreamListerUITests-resources.sh\"\n";
			showEnvVarsInLog = 0;
		};
		E9962AA65AE42080B45175C9 /* [CP] Copy Pods Resources */ = {
			isa = PBXShellScriptBuildPhase;
			buildActionMask = 2147483647;
			files = (
			);
			inputPaths = (
			);
			name = "[CP] Copy Pods Resources";
			outputPaths = (
			);
			runOnlyForDeploymentPostprocessing = 0;
			shellPath = /bin/sh;
			shellScript = "\"${SRCROOT}/Pods/Target Support Files/Pods-DreamListerTests/Pods-DreamListerTests-resources.sh\"\n";
			showEnvVarsInLog = 0;
		};
		ED94803E1FD93AEF00FB729A /* SwiftLint */ = {
			isa = PBXShellScriptBuildPhase;
			buildActionMask = 2147483647;
			files = (
			);
			inputPaths = (
			);
			name = SwiftLint;
			outputPaths = (
			);
			runOnlyForDeploymentPostprocessing = 0;
			shellPath = /bin/sh;
			shellScript = "\"${PODS_ROOT}/SwiftLint/swiftlint\"";
		};
/* End PBXShellScriptBuildPhase section */

/* Begin PBXSourcesBuildPhase section */
		ED9480061FD937C000FB729A /* Sources */ = {
			isa = PBXSourcesBuildPhase;
			buildActionMask = 2147483647;
			files = (
				ED1954D82007819200902B7A /* Item+CoreDataClass.swift in Sources */,
				ED1954D42007819200902B7A /* ItemType+CoreDataClass.swift in Sources */,
				ED9480101FD937C000FB729A /* MainVC.swift in Sources */,
				ED1954DE20078BE200902B7A /* MaterialView.swift in Sources */,
				ED1954C92007808900902B7A /* Image+CoreDataProperties.swift in Sources */,
				ED94800E1FD937C000FB729A /* AppDelegate.swift in Sources */,
				ED1954D72007819200902B7A /* Store+CoreDataProperties.swift in Sources */,
				ED9480161FD937C000FB729A /* DreamLister.xcdatamodeld in Sources */,
				ED1954D62007819200902B7A /* Store+CoreDataClass.swift in Sources */,
				ED1954D52007819200902B7A /* ItemType+CoreDataProperties.swift in Sources */,
				ED1954D92007819200902B7A /* Item+CoreDataProperties.swift in Sources */,
				ED1954C82007808900902B7A /* Image+CoreDataClass.swift in Sources */,
			);
			runOnlyForDeploymentPostprocessing = 0;
		};
		ED94801D1FD937C000FB729A /* Sources */ = {
			isa = PBXSourcesBuildPhase;
			buildActionMask = 2147483647;
			files = (
				ED9480261FD937C000FB729A /* DreamListerTests.swift in Sources */,
			);
			runOnlyForDeploymentPostprocessing = 0;
		};
		ED9480281FD937C000FB729A /* Sources */ = {
			isa = PBXSourcesBuildPhase;
			buildActionMask = 2147483647;
			files = (
				ED9480311FD937C000FB729A /* DreamListerUITests.swift in Sources */,
			);
			runOnlyForDeploymentPostprocessing = 0;
		};
/* End PBXSourcesBuildPhase section */

/* Begin PBXTargetDependency section */
		ED9480231FD937C000FB729A /* PBXTargetDependency */ = {
			isa = PBXTargetDependency;
			target = ED9480091FD937C000FB729A /* DreamLister */;
			targetProxy = ED9480221FD937C000FB729A /* PBXContainerItemProxy */;
		};
		ED94802E1FD937C000FB729A /* PBXTargetDependency */ = {
			isa = PBXTargetDependency;
			target = ED9480091FD937C000FB729A /* DreamLister */;
			targetProxy = ED94802D1FD937C000FB729A /* PBXContainerItemProxy */;
		};
/* End PBXTargetDependency section */

/* Begin PBXVariantGroup section */
		ED9480111FD937C000FB729A /* Main.storyboard */ = {
			isa = PBXVariantGroup;
			children = (
				ED9480121FD937C000FB729A /* Base */,
			);
			name = Main.storyboard;
			sourceTree = "<group>";
		};
		ED9480191FD937C000FB729A /* LaunchScreen.storyboard */ = {
			isa = PBXVariantGroup;
			children = (
				ED94801A1FD937C000FB729A /* Base */,
			);
			name = LaunchScreen.storyboard;
			sourceTree = "<group>";
		};
/* End PBXVariantGroup section */

/* Begin XCBuildConfiguration section */
		ED9480331FD937C000FB729A /* Debug */ = {
			isa = XCBuildConfiguration;
			buildSettings = {
				ALWAYS_SEARCH_USER_PATHS = NO;
				CLANG_ANALYZER_NONNULL = YES;
				CLANG_ANALYZER_NUMBER_OBJECT_CONVERSION = YES_AGGRESSIVE;
				CLANG_CXX_LANGUAGE_STANDARD = "gnu++14";
				CLANG_CXX_LIBRARY = "libc++";
				CLANG_ENABLE_MODULES = YES;
				CLANG_ENABLE_OBJC_ARC = YES;
				CLANG_WARN_BLOCK_CAPTURE_AUTORELEASING = YES;
				CLANG_WARN_BOOL_CONVERSION = YES;
				CLANG_WARN_COMMA = YES;
				CLANG_WARN_CONSTANT_CONVERSION = YES;
				CLANG_WARN_DIRECT_OBJC_ISA_USAGE = YES_ERROR;
				CLANG_WARN_DOCUMENTATION_COMMENTS = YES;
				CLANG_WARN_EMPTY_BODY = YES;
				CLANG_WARN_ENUM_CONVERSION = YES;
				CLANG_WARN_INFINITE_RECURSION = YES;
				CLANG_WARN_INT_CONVERSION = YES;
				CLANG_WARN_NON_LITERAL_NULL_CONVERSION = YES;
				CLANG_WARN_OBJC_LITERAL_CONVERSION = YES;
				CLANG_WARN_OBJC_ROOT_CLASS = YES_ERROR;
				CLANG_WARN_RANGE_LOOP_ANALYSIS = YES;
				CLANG_WARN_STRICT_PROTOTYPES = YES;
				CLANG_WARN_SUSPICIOUS_MOVE = YES;
				CLANG_WARN_UNGUARDED_AVAILABILITY = YES_AGGRESSIVE;
				CLANG_WARN_UNREACHABLE_CODE = YES;
				CLANG_WARN__DUPLICATE_METHOD_MATCH = YES;
				CODE_SIGN_IDENTITY = "iPhone Developer";
				COPY_PHASE_STRIP = NO;
				DEBUG_INFORMATION_FORMAT = dwarf;
				ENABLE_STRICT_OBJC_MSGSEND = YES;
				ENABLE_TESTABILITY = YES;
				GCC_C_LANGUAGE_STANDARD = gnu11;
				GCC_DYNAMIC_NO_PIC = NO;
				GCC_NO_COMMON_BLOCKS = YES;
				GCC_OPTIMIZATION_LEVEL = 0;
				GCC_PREPROCESSOR_DEFINITIONS = (
					"DEBUG=1",
					"$(inherited)",
				);
				GCC_WARN_64_TO_32_BIT_CONVERSION = YES;
				GCC_WARN_ABOUT_RETURN_TYPE = YES_ERROR;
				GCC_WARN_UNDECLARED_SELECTOR = YES;
				GCC_WARN_UNINITIALIZED_AUTOS = YES_AGGRESSIVE;
				GCC_WARN_UNUSED_FUNCTION = YES;
				GCC_WARN_UNUSED_VARIABLE = YES;
				IPHONEOS_DEPLOYMENT_TARGET = 11.0;
				MTL_ENABLE_DEBUG_INFO = YES;
				ONLY_ACTIVE_ARCH = YES;
				SDKROOT = iphoneos;
				SWIFT_ACTIVE_COMPILATION_CONDITIONS = DEBUG;
				SWIFT_OPTIMIZATION_LEVEL = "-Onone";
			};
			name = Debug;
		};
		ED9480341FD937C000FB729A /* Release */ = {
			isa = XCBuildConfiguration;
			buildSettings = {
				ALWAYS_SEARCH_USER_PATHS = NO;
				CLANG_ANALYZER_NONNULL = YES;
				CLANG_ANALYZER_NUMBER_OBJECT_CONVERSION = YES_AGGRESSIVE;
				CLANG_CXX_LANGUAGE_STANDARD = "gnu++14";
				CLANG_CXX_LIBRARY = "libc++";
				CLANG_ENABLE_MODULES = YES;
				CLANG_ENABLE_OBJC_ARC = YES;
				CLANG_WARN_BLOCK_CAPTURE_AUTORELEASING = YES;
				CLANG_WARN_BOOL_CONVERSION = YES;
				CLANG_WARN_COMMA = YES;
				CLANG_WARN_CONSTANT_CONVERSION = YES;
				CLANG_WARN_DIRECT_OBJC_ISA_USAGE = YES_ERROR;
				CLANG_WARN_DOCUMENTATION_COMMENTS = YES;
				CLANG_WARN_EMPTY_BODY = YES;
				CLANG_WARN_ENUM_CONVERSION = YES;
				CLANG_WARN_INFINITE_RECURSION = YES;
				CLANG_WARN_INT_CONVERSION = YES;
				CLANG_WARN_NON_LITERAL_NULL_CONVERSION = YES;
				CLANG_WARN_OBJC_LITERAL_CONVERSION = YES;
				CLANG_WARN_OBJC_ROOT_CLASS = YES_ERROR;
				CLANG_WARN_RANGE_LOOP_ANALYSIS = YES;
				CLANG_WARN_STRICT_PROTOTYPES = YES;
				CLANG_WARN_SUSPICIOUS_MOVE = YES;
				CLANG_WARN_UNGUARDED_AVAILABILITY = YES_AGGRESSIVE;
				CLANG_WARN_UNREACHABLE_CODE = YES;
				CLANG_WARN__DUPLICATE_METHOD_MATCH = YES;
				CODE_SIGN_IDENTITY = "iPhone Developer";
				COPY_PHASE_STRIP = NO;
				DEBUG_INFORMATION_FORMAT = "dwarf-with-dsym";
				ENABLE_NS_ASSERTIONS = NO;
				ENABLE_STRICT_OBJC_MSGSEND = YES;
				GCC_C_LANGUAGE_STANDARD = gnu11;
				GCC_NO_COMMON_BLOCKS = YES;
				GCC_WARN_64_TO_32_BIT_CONVERSION = YES;
				GCC_WARN_ABOUT_RETURN_TYPE = YES_ERROR;
				GCC_WARN_UNDECLARED_SELECTOR = YES;
				GCC_WARN_UNINITIALIZED_AUTOS = YES_AGGRESSIVE;
				GCC_WARN_UNUSED_FUNCTION = YES;
				GCC_WARN_UNUSED_VARIABLE = YES;
				IPHONEOS_DEPLOYMENT_TARGET = 11.0;
				MTL_ENABLE_DEBUG_INFO = NO;
				SDKROOT = iphoneos;
				SWIFT_OPTIMIZATION_LEVEL = "-Owholemodule";
				VALIDATE_PRODUCT = YES;
			};
			name = Release;
		};
		ED9480361FD937C000FB729A /* Debug */ = {
			isa = XCBuildConfiguration;
			baseConfigurationReference = EA9D5AE98D8125F54325E3BE /* Pods-DreamLister.debug.xcconfig */;
			buildSettings = {
				ASSETCATALOG_COMPILER_APPICON_NAME = AppIcon;
				CODE_SIGN_STYLE = Automatic;
				INFOPLIST_FILE = DreamLister/Info.plist;
				IPHONEOS_DEPLOYMENT_TARGET = 11.0;
				LD_RUNPATH_SEARCH_PATHS = "$(inherited) @executable_path/Frameworks";
				PRODUCT_BUNDLE_IDENTIFIER = za.co.dvt.DreamLister;
				PRODUCT_NAME = "$(TARGET_NAME)";
				SWIFT_VERSION = 4.0;
				TARGETED_DEVICE_FAMILY = "1,2";
			};
			name = Debug;
		};
		ED9480371FD937C000FB729A /* Release */ = {
			isa = XCBuildConfiguration;
			baseConfigurationReference = 8D631C93C874372409C18200 /* Pods-DreamLister.release.xcconfig */;
			buildSettings = {
				ASSETCATALOG_COMPILER_APPICON_NAME = AppIcon;
				CODE_SIGN_STYLE = Automatic;
				INFOPLIST_FILE = DreamLister/Info.plist;
				IPHONEOS_DEPLOYMENT_TARGET = 11.0;
				LD_RUNPATH_SEARCH_PATHS = "$(inherited) @executable_path/Frameworks";
				PRODUCT_BUNDLE_IDENTIFIER = za.co.dvt.DreamLister;
				PRODUCT_NAME = "$(TARGET_NAME)";
				SWIFT_VERSION = 4.0;
				TARGETED_DEVICE_FAMILY = "1,2";
			};
			name = Release;
		};
		ED9480391FD937C000FB729A /* Debug */ = {
			isa = XCBuildConfiguration;
			baseConfigurationReference = 64E9E32FF4219866C3244074 /* Pods-DreamListerTests.debug.xcconfig */;
			buildSettings = {
				ALWAYS_EMBED_SWIFT_STANDARD_LIBRARIES = YES;
				BUNDLE_LOADER = "$(TEST_HOST)";
				CODE_SIGN_STYLE = Automatic;
				INFOPLIST_FILE = DreamListerTests/Info.plist;
				LD_RUNPATH_SEARCH_PATHS = "$(inherited) @executable_path/Frameworks @loader_path/Frameworks";
				PRODUCT_BUNDLE_IDENTIFIER = za.co.dvt.DreamListerTests;
				PRODUCT_NAME = "$(TARGET_NAME)";
				SWIFT_VERSION = 4.0;
				TARGETED_DEVICE_FAMILY = "1,2";
				TEST_HOST = "$(BUILT_PRODUCTS_DIR)/DreamLister.app/DreamLister";
			};
			name = Debug;
		};
		ED94803A1FD937C000FB729A /* Release */ = {
			isa = XCBuildConfiguration;
			baseConfigurationReference = FE1B14F9B64EA858E181E813 /* Pods-DreamListerTests.release.xcconfig */;
			buildSettings = {
				ALWAYS_EMBED_SWIFT_STANDARD_LIBRARIES = YES;
				BUNDLE_LOADER = "$(TEST_HOST)";
				CODE_SIGN_STYLE = Automatic;
				INFOPLIST_FILE = DreamListerTests/Info.plist;
				LD_RUNPATH_SEARCH_PATHS = "$(inherited) @executable_path/Frameworks @loader_path/Frameworks";
				PRODUCT_BUNDLE_IDENTIFIER = za.co.dvt.DreamListerTests;
				PRODUCT_NAME = "$(TARGET_NAME)";
				SWIFT_VERSION = 4.0;
				TARGETED_DEVICE_FAMILY = "1,2";
				TEST_HOST = "$(BUILT_PRODUCTS_DIR)/DreamLister.app/DreamLister";
			};
			name = Release;
		};
		ED94803C1FD937C000FB729A /* Debug */ = {
			isa = XCBuildConfiguration;
			baseConfigurationReference = 4DD9CD8217FA8CD12A65F4EC /* Pods-DreamListerUITests.debug.xcconfig */;
			buildSettings = {
				ALWAYS_EMBED_SWIFT_STANDARD_LIBRARIES = YES;
				CODE_SIGN_STYLE = Automatic;
				INFOPLIST_FILE = DreamListerUITests/Info.plist;
				LD_RUNPATH_SEARCH_PATHS = "$(inherited) @executable_path/Frameworks @loader_path/Frameworks";
				PRODUCT_BUNDLE_IDENTIFIER = za.co.dvt.DreamListerUITests;
				PRODUCT_NAME = "$(TARGET_NAME)";
				SWIFT_VERSION = 4.0;
				TARGETED_DEVICE_FAMILY = "1,2";
				TEST_TARGET_NAME = DreamLister;
			};
			name = Debug;
		};
		ED94803D1FD937C000FB729A /* Release */ = {
			isa = XCBuildConfiguration;
			baseConfigurationReference = 3A6E55C970FD871116FC40BA /* Pods-DreamListerUITests.release.xcconfig */;
			buildSettings = {
				ALWAYS_EMBED_SWIFT_STANDARD_LIBRARIES = YES;
				CODE_SIGN_STYLE = Automatic;
				INFOPLIST_FILE = DreamListerUITests/Info.plist;
				LD_RUNPATH_SEARCH_PATHS = "$(inherited) @executable_path/Frameworks @loader_path/Frameworks";
				PRODUCT_BUNDLE_IDENTIFIER = za.co.dvt.DreamListerUITests;
				PRODUCT_NAME = "$(TARGET_NAME)";
				SWIFT_VERSION = 4.0;
				TARGETED_DEVICE_FAMILY = "1,2";
				TEST_TARGET_NAME = DreamLister;
			};
			name = Release;
		};
/* End XCBuildConfiguration section */

/* Begin XCConfigurationList section */
		ED9480051FD937C000FB729A /* Build configuration list for PBXProject "DreamLister" */ = {
			isa = XCConfigurationList;
			buildConfigurations = (
				ED9480331FD937C000FB729A /* Debug */,
				ED9480341FD937C000FB729A /* Release */,
			);
			defaultConfigurationIsVisible = 0;
			defaultConfigurationName = Release;
		};
		ED9480351FD937C000FB729A /* Build configuration list for PBXNativeTarget "DreamLister" */ = {
			isa = XCConfigurationList;
			buildConfigurations = (
				ED9480361FD937C000FB729A /* Debug */,
				ED9480371FD937C000FB729A /* Release */,
			);
			defaultConfigurationIsVisible = 0;
			defaultConfigurationName = Release;
		};
		ED9480381FD937C000FB729A /* Build configuration list for PBXNativeTarget "DreamListerTests" */ = {
			isa = XCConfigurationList;
			buildConfigurations = (
				ED9480391FD937C000FB729A /* Debug */,
				ED94803A1FD937C000FB729A /* Release */,
			);
			defaultConfigurationIsVisible = 0;
			defaultConfigurationName = Release;
		};
		ED94803B1FD937C000FB729A /* Build configuration list for PBXNativeTarget "DreamListerUITests" */ = {
			isa = XCConfigurationList;
			buildConfigurations = (
				ED94803C1FD937C000FB729A /* Debug */,
				ED94803D1FD937C000FB729A /* Release */,
			);
			defaultConfigurationIsVisible = 0;
			defaultConfigurationName = Release;
		};
/* End XCConfigurationList section */

/* Begin XCVersionGroup section */
		ED9480141FD937C000FB729A /* DreamLister.xcdatamodeld */ = {
			isa = XCVersionGroup;
			children = (
				ED9480151FD937C000FB729A /* DreamLister.xcdatamodel */,
			);
			currentVersion = ED9480151FD937C000FB729A /* DreamLister.xcdatamodel */;
			path = DreamLister.xcdatamodeld;
			sourceTree = "<group>";
			versionGroupType = wrapper.xcdatamodel;
		};
/* End XCVersionGroup section */
	};
	rootObject = ED9480021FD937C000FB729A /* Project object */;
}
